// !$*UTF8*$!
{
	archiveVersion = 1;
	classes = {
	};
	objectVersion = 56;
	objects = {

/* Begin PBXBuildFile section */
		B5778C4B2956035A00440DD0 /* AppDelegate.swift in Sources */ = {isa = PBXBuildFile; fileRef = B5778C4A2956035A00440DD0 /* AppDelegate.swift */; };
		B5778C4D2956035A00440DD0 /* SceneDelegate.swift in Sources */ = {isa = PBXBuildFile; fileRef = B5778C4C2956035A00440DD0 /* SceneDelegate.swift */; };
		B5778C522956035A00440DD0 /* Main.storyboard in Resources */ = {isa = PBXBuildFile; fileRef = B5778C502956035A00440DD0 /* Main.storyboard */; };
		B5778C542956035C00440DD0 /* Assets.xcassets in Resources */ = {isa = PBXBuildFile; fileRef = B5778C532956035C00440DD0 /* Assets.xcassets */; };
		B5778C572956035C00440DD0 /* LaunchScreen.storyboard in Resources */ = {isa = PBXBuildFile; fileRef = B5778C552956035C00440DD0 /* LaunchScreen.storyboard */; };
		B5778C822956048A00440DD0 /* Core.h in Headers */ = {isa = PBXBuildFile; fileRef = B5778C812956048A00440DD0 /* Core.h */; settings = {ATTRIBUTES = (Public, ); }; };
		B5778C852956048A00440DD0 /* Core.framework in Frameworks */ = {isa = PBXBuildFile; fileRef = B5778C7F2956048A00440DD0 /* Core.framework */; };
		B5778C862956048A00440DD0 /* Core.framework in Embed Frameworks */ = {isa = PBXBuildFile; fileRef = B5778C7F2956048A00440DD0 /* Core.framework */; settings = {ATTRIBUTES = (CodeSignOnCopy, RemoveHeadersOnCopy, ); }; };
		B5778C8F2956058C00440DD0 /* HomeViewController.swift in Sources */ = {isa = PBXBuildFile; fileRef = B5778C8E2956058C00440DD0 /* HomeViewController.swift */; };
		B5778C912956074800440DD0 /* HomeViewModel.swift in Sources */ = {isa = PBXBuildFile; fileRef = B5778C902956074800440DD0 /* HomeViewModel.swift */; };
		B5778C942956078700440DD0 /* TestableSubscriber.swift in Sources */ = {isa = PBXBuildFile; fileRef = B5778C932956078700440DD0 /* TestableSubscriber.swift */; };
		B5778C97295607F700440DD0 /* HomeViewModelTests.swift in Sources */ = {isa = PBXBuildFile; fileRef = B5778C96295607F700440DD0 /* HomeViewModelTests.swift */; };
		B5778C992956084D00440DD0 /* APIError.swift in Sources */ = {isa = PBXBuildFile; fileRef = B5778C982956084D00440DD0 /* APIError.swift */; };
		B5778C9B2956088F00440DD0 /* GithubApiProtocol.swift in Sources */ = {isa = PBXBuildFile; fileRef = B5778C9A2956088F00440DD0 /* GithubApiProtocol.swift */; };
		B5778CA529561BF900440DD0 /* HomeModel.swift in Sources */ = {isa = PBXBuildFile; fileRef = B5778CA429561BF900440DD0 /* HomeModel.swift */; };
		B5778CA729561D1600440DD0 /* RepositoryItemView.swift in Sources */ = {isa = PBXBuildFile; fileRef = B5778CA629561D1600440DD0 /* RepositoryItemView.swift */; };
		B5778CA9295628F100440DD0 /* GetRepositoriesUseCase.swift in Sources */ = {isa = PBXBuildFile; fileRef = B5778CA8295628F100440DD0 /* GetRepositoriesUseCase.swift */; };
		B5778CAB29562B3100440DD0 /* GetRepositoriesAPI.swift in Sources */ = {isa = PBXBuildFile; fileRef = B5778CAA29562B3100440DD0 /* GetRepositoriesAPI.swift */; };
		B5778CB12956AB4300440DD0 /* RepositoryItemListView.swift in Sources */ = {isa = PBXBuildFile; fileRef = B5778CB02956AB4300440DD0 /* RepositoryItemListView.swift */; };
		B5778CB32956B11E00440DD0 /* HomeView.swift in Sources */ = {isa = PBXBuildFile; fileRef = B5778CB22956B11E00440DD0 /* HomeView.swift */; };
		B5778CB52956C86900440DD0 /* RepositoryDetailView.swift in Sources */ = {isa = PBXBuildFile; fileRef = B5778CB42956C86900440DD0 /* RepositoryDetailView.swift */; };
/* End PBXBuildFile section */

/* Begin PBXContainerItemProxy section */
		B5778C5E2956035D00440DD0 /* PBXContainerItemProxy */ = {
			isa = PBXContainerItemProxy;
			containerPortal = B5778C3F2956035900440DD0 /* Project object */;
			proxyType = 1;
			remoteGlobalIDString = B5778C462956035A00440DD0;
			remoteInfo = github;
		};
		B5778C832956048A00440DD0 /* PBXContainerItemProxy */ = {
			isa = PBXContainerItemProxy;
			containerPortal = B5778C3F2956035900440DD0 /* Project object */;
			proxyType = 1;
			remoteGlobalIDString = B5778C7E2956048A00440DD0;
			remoteInfo = Core;
		};
/* End PBXContainerItemProxy section */

/* Begin PBXCopyFilesBuildPhase section */
		B5778C8A2956048A00440DD0 /* Embed Frameworks */ = {
			isa = PBXCopyFilesBuildPhase;
			buildActionMask = 2147483647;
			dstPath = "";
			dstSubfolderSpec = 10;
			files = (
				B5778C862956048A00440DD0 /* Core.framework in Embed Frameworks */,
			);
			name = "Embed Frameworks";
			runOnlyForDeploymentPostprocessing = 0;
		};
/* End PBXCopyFilesBuildPhase section */

/* Begin PBXFileReference section */
		B5778C472956035A00440DD0 /* github.app */ = {isa = PBXFileReference; explicitFileType = wrapper.application; includeInIndex = 0; path = github.app; sourceTree = BUILT_PRODUCTS_DIR; };
		B5778C4A2956035A00440DD0 /* AppDelegate.swift */ = {isa = PBXFileReference; lastKnownFileType = sourcecode.swift; path = AppDelegate.swift; sourceTree = "<group>"; };
		B5778C4C2956035A00440DD0 /* SceneDelegate.swift */ = {isa = PBXFileReference; lastKnownFileType = sourcecode.swift; path = SceneDelegate.swift; sourceTree = "<group>"; };
		B5778C512956035A00440DD0 /* Base */ = {isa = PBXFileReference; lastKnownFileType = file.storyboard; name = Base; path = Base.lproj/Main.storyboard; sourceTree = "<group>"; };
		B5778C532956035C00440DD0 /* Assets.xcassets */ = {isa = PBXFileReference; lastKnownFileType = folder.assetcatalog; path = Assets.xcassets; sourceTree = "<group>"; };
		B5778C562956035C00440DD0 /* Base */ = {isa = PBXFileReference; lastKnownFileType = file.storyboard; name = Base; path = Base.lproj/LaunchScreen.storyboard; sourceTree = "<group>"; };
		B5778C582956035C00440DD0 /* Info.plist */ = {isa = PBXFileReference; lastKnownFileType = text.plist.xml; path = Info.plist; sourceTree = "<group>"; };
		B5778C5D2956035D00440DD0 /* githubTests.xctest */ = {isa = PBXFileReference; explicitFileType = wrapper.cfbundle; includeInIndex = 0; path = githubTests.xctest; sourceTree = BUILT_PRODUCTS_DIR; };
		B5778C7F2956048A00440DD0 /* Core.framework */ = {isa = PBXFileReference; explicitFileType = wrapper.framework; includeInIndex = 0; path = Core.framework; sourceTree = BUILT_PRODUCTS_DIR; };
		B5778C812956048A00440DD0 /* Core.h */ = {isa = PBXFileReference; lastKnownFileType = sourcecode.c.h; path = Core.h; sourceTree = "<group>"; };
		B5778C8E2956058C00440DD0 /* HomeViewController.swift */ = {isa = PBXFileReference; lastKnownFileType = sourcecode.swift; path = HomeViewController.swift; sourceTree = "<group>"; };
		B5778C902956074800440DD0 /* HomeViewModel.swift */ = {isa = PBXFileReference; lastKnownFileType = sourcecode.swift; path = HomeViewModel.swift; sourceTree = "<group>"; };
		B5778C932956078700440DD0 /* TestableSubscriber.swift */ = {isa = PBXFileReference; lastKnownFileType = sourcecode.swift; path = TestableSubscriber.swift; sourceTree = "<group>"; };
		B5778C96295607F700440DD0 /* HomeViewModelTests.swift */ = {isa = PBXFileReference; lastKnownFileType = sourcecode.swift; path = HomeViewModelTests.swift; sourceTree = "<group>"; };
		B5778C982956084D00440DD0 /* APIError.swift */ = {isa = PBXFileReference; lastKnownFileType = sourcecode.swift; path = APIError.swift; sourceTree = "<group>"; };
		B5778C9A2956088F00440DD0 /* GithubApiProtocol.swift */ = {isa = PBXFileReference; lastKnownFileType = sourcecode.swift; path = GithubApiProtocol.swift; sourceTree = "<group>"; };
		B5778CA429561BF900440DD0 /* HomeModel.swift */ = {isa = PBXFileReference; lastKnownFileType = sourcecode.swift; path = HomeModel.swift; sourceTree = "<group>"; };
		B5778CA629561D1600440DD0 /* RepositoryItemView.swift */ = {isa = PBXFileReference; lastKnownFileType = sourcecode.swift; path = RepositoryItemView.swift; sourceTree = "<group>"; };
		B5778CA8295628F100440DD0 /* GetRepositoriesUseCase.swift */ = {isa = PBXFileReference; lastKnownFileType = sourcecode.swift; path = GetRepositoriesUseCase.swift; sourceTree = "<group>"; };
		B5778CAA29562B3100440DD0 /* GetRepositoriesAPI.swift */ = {isa = PBXFileReference; lastKnownFileType = sourcecode.swift; path = GetRepositoriesAPI.swift; sourceTree = "<group>"; };
		B5778CB02956AB4300440DD0 /* RepositoryItemListView.swift */ = {isa = PBXFileReference; lastKnownFileType = sourcecode.swift; path = RepositoryItemListView.swift; sourceTree = "<group>"; };
		B5778CB22956B11E00440DD0 /* HomeView.swift */ = {isa = PBXFileReference; lastKnownFileType = sourcecode.swift; path = HomeView.swift; sourceTree = "<group>"; };
		B5778CB42956C86900440DD0 /* RepositoryDetailView.swift */ = {isa = PBXFileReference; lastKnownFileType = sourcecode.swift; path = RepositoryDetailView.swift; sourceTree = "<group>"; };
/* End PBXFileReference section */

/* Begin PBXFrameworksBuildPhase section */
		B5778C442956035A00440DD0 /* Frameworks */ = {
			isa = PBXFrameworksBuildPhase;
			buildActionMask = 2147483647;
			files = (
				B5778C852956048A00440DD0 /* Core.framework in Frameworks */,
			);
			runOnlyForDeploymentPostprocessing = 0;
		};
		B5778C5A2956035D00440DD0 /* Frameworks */ = {
			isa = PBXFrameworksBuildPhase;
			buildActionMask = 2147483647;
			files = (
			);
			runOnlyForDeploymentPostprocessing = 0;
		};
		B5778C7C2956048A00440DD0 /* Frameworks */ = {
			isa = PBXFrameworksBuildPhase;
			buildActionMask = 2147483647;
			files = (
			);
			runOnlyForDeploymentPostprocessing = 0;
		};
/* End PBXFrameworksBuildPhase section */

/* Begin PBXGroup section */
		B5778C3E2956035900440DD0 = {
			isa = PBXGroup;
			children = (
				B5778C492956035A00440DD0 /* github */,
				B5778C602956035D00440DD0 /* githubTests */,
				B5778C802956048A00440DD0 /* Core */,
				B5778C482956035A00440DD0 /* Products */,
			);
			sourceTree = "<group>";
		};
		B5778C482956035A00440DD0 /* Products */ = {
			isa = PBXGroup;
			children = (
				B5778C472956035A00440DD0 /* github.app */,
				B5778C5D2956035D00440DD0 /* githubTests.xctest */,
				B5778C7F2956048A00440DD0 /* Core.framework */,
			);
			name = Products;
			sourceTree = "<group>";
		};
		B5778C492956035A00440DD0 /* github */ = {
			isa = PBXGroup;
			children = (
				B5778C9D29560F0800440DD0 /* UseCase */,
				B5778C9C29560EF700440DD0 /* API */,
				B5778C8D2956055300440DD0 /* Feature */,
				B5778C4A2956035A00440DD0 /* AppDelegate.swift */,
				B5778C4C2956035A00440DD0 /* SceneDelegate.swift */,
				B5778C502956035A00440DD0 /* Main.storyboard */,
				B5778C532956035C00440DD0 /* Assets.xcassets */,
				B5778C552956035C00440DD0 /* LaunchScreen.storyboard */,
				B5778C582956035C00440DD0 /* Info.plist */,
			);
			path = github;
			sourceTree = "<group>";
		};
		B5778C602956035D00440DD0 /* githubTests */ = {
			isa = PBXGroup;
			children = (
				B5778C952956079500440DD0 /* Feature */,
				B5778C922956075E00440DD0 /* Utils */,
			);
			path = githubTests;
			sourceTree = "<group>";
		};
		B5778C802956048A00440DD0 /* Core */ = {
			isa = PBXGroup;
			children = (
				B5778C8B295604C700440DD0 /* API */,
				B5778C812956048A00440DD0 /* Core.h */,
			);
			path = Core;
			sourceTree = "<group>";
		};
		B5778C8B295604C700440DD0 /* API */ = {
			isa = PBXGroup;
			children = (
				B5778C982956084D00440DD0 /* APIError.swift */,
				B5778C9A2956088F00440DD0 /* GithubApiProtocol.swift */,
			);
			path = API;
			sourceTree = "<group>";
		};
		B5778C8D2956055300440DD0 /* Feature */ = {
			isa = PBXGroup;
			children = (
				B5778C9F29560F8B00440DD0 /* RepositoryDetail */,
				B5778C9E29560F7E00440DD0 /* Home */,
			);
			path = Feature;
			sourceTree = "<group>";
		};
		B5778C922956075E00440DD0 /* Utils */ = {
			isa = PBXGroup;
			children = (
				B5778C932956078700440DD0 /* TestableSubscriber.swift */,
			);
			path = Utils;
			sourceTree = "<group>";
		};
		B5778C952956079500440DD0 /* Feature */ = {
			isa = PBXGroup;
			children = (
				B5778C96295607F700440DD0 /* HomeViewModelTests.swift */,
			);
			path = Feature;
			sourceTree = "<group>";
		};
		B5778C9C29560EF700440DD0 /* API */ = {
			isa = PBXGroup;
			children = (
				B5778CAA29562B3100440DD0 /* GetRepositoriesAPI.swift */,
			);
			path = API;
			sourceTree = "<group>";
		};
		B5778C9D29560F0800440DD0 /* UseCase */ = {
			isa = PBXGroup;
			children = (
				B5778CA8295628F100440DD0 /* GetRepositoriesUseCase.swift */,
			);
			path = UseCase;
			sourceTree = "<group>";
		};
		B5778C9E29560F7E00440DD0 /* Home */ = {
			isa = PBXGroup;
			children = (
				B5778C8E2956058C00440DD0 /* HomeViewController.swift */,
				B5778C902956074800440DD0 /* HomeViewModel.swift */,
				B5778CA429561BF900440DD0 /* HomeModel.swift */,
				B5778CB22956B11E00440DD0 /* HomeView.swift */,
				B5778CB02956AB4300440DD0 /* RepositoryItemListView.swift */,
				B5778CA629561D1600440DD0 /* RepositoryItemView.swift */,
			);
			path = Home;
			sourceTree = "<group>";
		};
		B5778C9F29560F8B00440DD0 /* RepositoryDetail */ = {
			isa = PBXGroup;
			children = (
				B5778CB42956C86900440DD0 /* RepositoryDetailView.swift */,
			);
			path = RepositoryDetail;
			sourceTree = "<group>";
		};
/* End PBXGroup section */

/* Begin PBXHeadersBuildPhase section */
		B5778C7A2956048A00440DD0 /* Headers */ = {
			isa = PBXHeadersBuildPhase;
			buildActionMask = 2147483647;
			files = (
				B5778C822956048A00440DD0 /* Core.h in Headers */,
			);
			runOnlyForDeploymentPostprocessing = 0;
		};
/* End PBXHeadersBuildPhase section */

/* Begin PBXNativeTarget section */
		B5778C462956035A00440DD0 /* github */ = {
			isa = PBXNativeTarget;
			buildConfigurationList = B5778C712956035D00440DD0 /* Build configuration list for PBXNativeTarget "github" */;
			buildPhases = (
				B5778C432956035A00440DD0 /* Sources */,
				B5778C442956035A00440DD0 /* Frameworks */,
				B5778C452956035A00440DD0 /* Resources */,
				B5778C8A2956048A00440DD0 /* Embed Frameworks */,
			);
			buildRules = (
			);
			dependencies = (
				B5778C842956048A00440DD0 /* PBXTargetDependency */,
			);
			name = github;
			productName = github;
			productReference = B5778C472956035A00440DD0 /* github.app */;
			productType = "com.apple.product-type.application";
		};
		B5778C5C2956035D00440DD0 /* githubTests */ = {
			isa = PBXNativeTarget;
			buildConfigurationList = B5778C742956035D00440DD0 /* Build configuration list for PBXNativeTarget "githubTests" */;
			buildPhases = (
				B5778C592956035D00440DD0 /* Sources */,
				B5778C5A2956035D00440DD0 /* Frameworks */,
				B5778C5B2956035D00440DD0 /* Resources */,
			);
			buildRules = (
			);
			dependencies = (
				B5778C5F2956035D00440DD0 /* PBXTargetDependency */,
			);
			name = githubTests;
			productName = githubTests;
			productReference = B5778C5D2956035D00440DD0 /* githubTests.xctest */;
			productType = "com.apple.product-type.bundle.unit-test";
		};
		B5778C7E2956048A00440DD0 /* Core */ = {
			isa = PBXNativeTarget;
			buildConfigurationList = B5778C872956048A00440DD0 /* Build configuration list for PBXNativeTarget "Core" */;
			buildPhases = (
				B5778C7A2956048A00440DD0 /* Headers */,
				B5778C7B2956048A00440DD0 /* Sources */,
				B5778C7C2956048A00440DD0 /* Frameworks */,
				B5778C7D2956048A00440DD0 /* Resources */,
			);
			buildRules = (
			);
			dependencies = (
			);
			name = Core;
			productName = Core;
			productReference = B5778C7F2956048A00440DD0 /* Core.framework */;
			productType = "com.apple.product-type.framework";
		};
/* End PBXNativeTarget section */

/* Begin PBXProject section */
		B5778C3F2956035900440DD0 /* Project object */ = {
			isa = PBXProject;
			attributes = {
				BuildIndependentTargetsInParallel = 1;
				LastSwiftUpdateCheck = 1420;
				LastUpgradeCheck = 1420;
				TargetAttributes = {
					B5778C462956035A00440DD0 = {
						CreatedOnToolsVersion = 14.2;
					};
					B5778C5C2956035D00440DD0 = {
						CreatedOnToolsVersion = 14.2;
						TestTargetID = B5778C462956035A00440DD0;
					};
					B5778C7E2956048A00440DD0 = {
						CreatedOnToolsVersion = 14.2;
						LastSwiftMigration = 1420;
					};
				};
			};
			buildConfigurationList = B5778C422956035900440DD0 /* Build configuration list for PBXProject "github" */;
			compatibilityVersion = "Xcode 14.0";
			developmentRegion = en;
			hasScannedForEncodings = 0;
			knownRegions = (
				en,
				Base,
			);
			mainGroup = B5778C3E2956035900440DD0;
			productRefGroup = B5778C482956035A00440DD0 /* Products */;
			projectDirPath = "";
			projectRoot = "";
			targets = (
				B5778C462956035A00440DD0 /* github */,
				B5778C5C2956035D00440DD0 /* githubTests */,
				B5778C7E2956048A00440DD0 /* Core */,
			);
		};
/* End PBXProject section */

/* Begin PBXResourcesBuildPhase section */
		B5778C452956035A00440DD0 /* Resources */ = {
			isa = PBXResourcesBuildPhase;
			buildActionMask = 2147483647;
			files = (
				B5778C572956035C00440DD0 /* LaunchScreen.storyboard in Resources */,
				B5778C542956035C00440DD0 /* Assets.xcassets in Resources */,
				B5778C522956035A00440DD0 /* Main.storyboard in Resources */,
			);
			runOnlyForDeploymentPostprocessing = 0;
		};
		B5778C5B2956035D00440DD0 /* Resources */ = {
			isa = PBXResourcesBuildPhase;
			buildActionMask = 2147483647;
			files = (
			);
			runOnlyForDeploymentPostprocessing = 0;
		};
		B5778C7D2956048A00440DD0 /* Resources */ = {
			isa = PBXResourcesBuildPhase;
			buildActionMask = 2147483647;
			files = (
			);
			runOnlyForDeploymentPostprocessing = 0;
		};
/* End PBXResourcesBuildPhase section */

/* Begin PBXSourcesBuildPhase section */
		B5778C432956035A00440DD0 /* Sources */ = {
			isa = PBXSourcesBuildPhase;
			buildActionMask = 2147483647;
			files = (
				B5778C4B2956035A00440DD0 /* AppDelegate.swift in Sources */,
				B5778CA529561BF900440DD0 /* HomeModel.swift in Sources */,
				B5778C4D2956035A00440DD0 /* SceneDelegate.swift in Sources */,
				B5778CAB29562B3100440DD0 /* GetRepositoriesAPI.swift in Sources */,
				B5778CB52956C86900440DD0 /* RepositoryDetailView.swift in Sources */,
				B5778CA729561D1600440DD0 /* RepositoryItemView.swift in Sources */,
				B5778CB12956AB4300440DD0 /* RepositoryItemListView.swift in Sources */,
				B5778C912956074800440DD0 /* HomeViewModel.swift in Sources */,
				B5778CB32956B11E00440DD0 /* HomeView.swift in Sources */,
				B5778C8F2956058C00440DD0 /* HomeViewController.swift in Sources */,
				B5778CA9295628F100440DD0 /* GetRepositoriesUseCase.swift in Sources */,
			);
			runOnlyForDeploymentPostprocessing = 0;
		};
		B5778C592956035D00440DD0 /* Sources */ = {
			isa = PBXSourcesBuildPhase;
			buildActionMask = 2147483647;
			files = (
				B5778C942956078700440DD0 /* TestableSubscriber.swift in Sources */,
				B5778C97295607F700440DD0 /* HomeViewModelTests.swift in Sources */,
			);
			runOnlyForDeploymentPostprocessing = 0;
		};
		B5778C7B2956048A00440DD0 /* Sources */ = {
			isa = PBXSourcesBuildPhase;
			buildActionMask = 2147483647;
			files = (
				B5778C992956084D00440DD0 /* APIError.swift in Sources */,
				B5778C9B2956088F00440DD0 /* GithubApiProtocol.swift in Sources */,
			);
			runOnlyForDeploymentPostprocessing = 0;
		};
/* End PBXSourcesBuildPhase section */

/* Begin PBXTargetDependency section */
		B5778C5F2956035D00440DD0 /* PBXTargetDependency */ = {
			isa = PBXTargetDependency;
			target = B5778C462956035A00440DD0 /* github */;
			targetProxy = B5778C5E2956035D00440DD0 /* PBXContainerItemProxy */;
		};
		B5778C842956048A00440DD0 /* PBXTargetDependency */ = {
			isa = PBXTargetDependency;
			target = B5778C7E2956048A00440DD0 /* Core */;
			targetProxy = B5778C832956048A00440DD0 /* PBXContainerItemProxy */;
		};
/* End PBXTargetDependency section */

/* Begin PBXVariantGroup section */
		B5778C502956035A00440DD0 /* Main.storyboard */ = {
			isa = PBXVariantGroup;
			children = (
				B5778C512956035A00440DD0 /* Base */,
			);
			name = Main.storyboard;
			sourceTree = "<group>";
		};
		B5778C552956035C00440DD0 /* LaunchScreen.storyboard */ = {
			isa = PBXVariantGroup;
			children = (
				B5778C562956035C00440DD0 /* Base */,
			);
			name = LaunchScreen.storyboard;
			sourceTree = "<group>";
		};
/* End PBXVariantGroup section */

/* Begin XCBuildConfiguration section */
		B5778C6F2956035D00440DD0 /* Debug */ = {
			isa = XCBuildConfiguration;
			buildSettings = {
				ALWAYS_SEARCH_USER_PATHS = NO;
				CLANG_ANALYZER_NONNULL = YES;
				CLANG_ANALYZER_NUMBER_OBJECT_CONVERSION = YES_AGGRESSIVE;
				CLANG_CXX_LANGUAGE_STANDARD = "gnu++20";
				CLANG_ENABLE_MODULES = YES;
				CLANG_ENABLE_OBJC_ARC = YES;
				CLANG_ENABLE_OBJC_WEAK = YES;
				CLANG_WARN_BLOCK_CAPTURE_AUTORELEASING = YES;
				CLANG_WARN_BOOL_CONVERSION = YES;
				CLANG_WARN_COMMA = YES;
				CLANG_WARN_CONSTANT_CONVERSION = YES;
				CLANG_WARN_DEPRECATED_OBJC_IMPLEMENTATIONS = YES;
				CLANG_WARN_DIRECT_OBJC_ISA_USAGE = YES_ERROR;
				CLANG_WARN_DOCUMENTATION_COMMENTS = YES;
				CLANG_WARN_EMPTY_BODY = YES;
				CLANG_WARN_ENUM_CONVERSION = YES;
				CLANG_WARN_INFINITE_RECURSION = YES;
				CLANG_WARN_INT_CONVERSION = YES;
				CLANG_WARN_NON_LITERAL_NULL_CONVERSION = YES;
				CLANG_WARN_OBJC_IMPLICIT_RETAIN_SELF = YES;
				CLANG_WARN_OBJC_LITERAL_CONVERSION = YES;
				CLANG_WARN_OBJC_ROOT_CLASS = YES_ERROR;
				CLANG_WARN_QUOTED_INCLUDE_IN_FRAMEWORK_HEADER = YES;
				CLANG_WARN_RANGE_LOOP_ANALYSIS = YES;
				CLANG_WARN_STRICT_PROTOTYPES = YES;
				CLANG_WARN_SUSPICIOUS_MOVE = YES;
				CLANG_WARN_UNGUARDED_AVAILABILITY = YES_AGGRESSIVE;
				CLANG_WARN_UNREACHABLE_CODE = YES;
				CLANG_WARN__DUPLICATE_METHOD_MATCH = YES;
				COPY_PHASE_STRIP = NO;
				DEBUG_INFORMATION_FORMAT = dwarf;
				ENABLE_STRICT_OBJC_MSGSEND = YES;
				ENABLE_TESTABILITY = YES;
				GCC_C_LANGUAGE_STANDARD = gnu11;
				GCC_DYNAMIC_NO_PIC = NO;
				GCC_NO_COMMON_BLOCKS = YES;
				GCC_OPTIMIZATION_LEVEL = 0;
				GCC_PREPROCESSOR_DEFINITIONS = (
					"DEBUG=1",
					"$(inherited)",
				);
				GCC_WARN_64_TO_32_BIT_CONVERSION = YES;
				GCC_WARN_ABOUT_RETURN_TYPE = YES_ERROR;
				GCC_WARN_UNDECLARED_SELECTOR = YES;
				GCC_WARN_UNINITIALIZED_AUTOS = YES_AGGRESSIVE;
				GCC_WARN_UNUSED_FUNCTION = YES;
				GCC_WARN_UNUSED_VARIABLE = YES;
				IPHONEOS_DEPLOYMENT_TARGET = 16.2;
				MTL_ENABLE_DEBUG_INFO = INCLUDE_SOURCE;
				MTL_FAST_MATH = YES;
				ONLY_ACTIVE_ARCH = YES;
				SDKROOT = iphoneos;
				SWIFT_ACTIVE_COMPILATION_CONDITIONS = DEBUG;
				SWIFT_OPTIMIZATION_LEVEL = "-Onone";
			};
			name = Debug;
		};
		B5778C702956035D00440DD0 /* Release */ = {
			isa = XCBuildConfiguration;
			buildSettings = {
				ALWAYS_SEARCH_USER_PATHS = NO;
				CLANG_ANALYZER_NONNULL = YES;
				CLANG_ANALYZER_NUMBER_OBJECT_CONVERSION = YES_AGGRESSIVE;
				CLANG_CXX_LANGUAGE_STANDARD = "gnu++20";
				CLANG_ENABLE_MODULES = YES;
				CLANG_ENABLE_OBJC_ARC = YES;
				CLANG_ENABLE_OBJC_WEAK = YES;
				CLANG_WARN_BLOCK_CAPTURE_AUTORELEASING = YES;
				CLANG_WARN_BOOL_CONVERSION = YES;
				CLANG_WARN_COMMA = YES;
				CLANG_WARN_CONSTANT_CONVERSION = YES;
				CLANG_WARN_DEPRECATED_OBJC_IMPLEMENTATIONS = YES;
				CLANG_WARN_DIRECT_OBJC_ISA_USAGE = YES_ERROR;
				CLANG_WARN_DOCUMENTATION_COMMENTS = YES;
				CLANG_WARN_EMPTY_BODY = YES;
				CLANG_WARN_ENUM_CONVERSION = YES;
				CLANG_WARN_INFINITE_RECURSION = YES;
				CLANG_WARN_INT_CONVERSION = YES;
				CLANG_WARN_NON_LITERAL_NULL_CONVERSION = YES;
				CLANG_WARN_OBJC_IMPLICIT_RETAIN_SELF = YES;
				CLANG_WARN_OBJC_LITERAL_CONVERSION = YES;
				CLANG_WARN_OBJC_ROOT_CLASS = YES_ERROR;
				CLANG_WARN_QUOTED_INCLUDE_IN_FRAMEWORK_HEADER = YES;
				CLANG_WARN_RANGE_LOOP_ANALYSIS = YES;
				CLANG_WARN_STRICT_PROTOTYPES = YES;
				CLANG_WARN_SUSPICIOUS_MOVE = YES;
				CLANG_WARN_UNGUARDED_AVAILABILITY = YES_AGGRESSIVE;
				CLANG_WARN_UNREACHABLE_CODE = YES;
				CLANG_WARN__DUPLICATE_METHOD_MATCH = YES;
				COPY_PHASE_STRIP = NO;
				DEBUG_INFORMATION_FORMAT = "dwarf-with-dsym";
				ENABLE_NS_ASSERTIONS = NO;
				ENABLE_STRICT_OBJC_MSGSEND = YES;
				GCC_C_LANGUAGE_STANDARD = gnu11;
				GCC_NO_COMMON_BLOCKS = YES;
				GCC_WARN_64_TO_32_BIT_CONVERSION = YES;
				GCC_WARN_ABOUT_RETURN_TYPE = YES_ERROR;
				GCC_WARN_UNDECLARED_SELECTOR = YES;
				GCC_WARN_UNINITIALIZED_AUTOS = YES_AGGRESSIVE;
				GCC_WARN_UNUSED_FUNCTION = YES;
				GCC_WARN_UNUSED_VARIABLE = YES;
				IPHONEOS_DEPLOYMENT_TARGET = 16.2;
				MTL_ENABLE_DEBUG_INFO = NO;
				MTL_FAST_MATH = YES;
				SDKROOT = iphoneos;
				SWIFT_COMPILATION_MODE = wholemodule;
				SWIFT_OPTIMIZATION_LEVEL = "-O";
				VALIDATE_PRODUCT = YES;
			};
			name = Release;
		};
		B5778C722956035D00440DD0 /* Debug */ = {
			isa = XCBuildConfiguration;
			buildSettings = {
				ALWAYS_EMBED_SWIFT_STANDARD_LIBRARIES = YES;
				ASSETCATALOG_COMPILER_APPICON_NAME = AppIcon;
				ASSETCATALOG_COMPILER_GLOBAL_ACCENT_COLOR_NAME = AccentColor;
				CODE_SIGN_STYLE = Automatic;
				CURRENT_PROJECT_VERSION = 1;
				DEVELOPMENT_TEAM = 95W8W38P3C;
				GENERATE_INFOPLIST_FILE = YES;
				INFOPLIST_FILE = github/Info.plist;
				INFOPLIST_KEY_UIApplicationSupportsIndirectInputEvents = YES;
				INFOPLIST_KEY_UILaunchStoryboardName = LaunchScreen;
				INFOPLIST_KEY_UIMainStoryboardFile = Main;
				INFOPLIST_KEY_UISupportedInterfaceOrientations_iPad = "UIInterfaceOrientationPortrait UIInterfaceOrientationPortraitUpsideDown UIInterfaceOrientationLandscapeLeft UIInterfaceOrientationLandscapeRight";
				INFOPLIST_KEY_UISupportedInterfaceOrientations_iPhone = "UIInterfaceOrientationPortrait UIInterfaceOrientationLandscapeLeft UIInterfaceOrientationLandscapeRight";
				LD_RUNPATH_SEARCH_PATHS = (
					"$(inherited)",
					"@executable_path/Frameworks",
				);
				MARKETING_VERSION = 1.0;
				PRODUCT_BUNDLE_IDENTIFIER = benleung.github;
				PRODUCT_NAME = "$(TARGET_NAME)";
				SWIFT_EMIT_LOC_STRINGS = YES;
				SWIFT_VERSION = 5.0;
				TARGETED_DEVICE_FAMILY = "1,2";
			};
			name = Debug;
		};
		B5778C732956035D00440DD0 /* Release */ = {
			isa = XCBuildConfiguration;
			buildSettings = {
				ALWAYS_EMBED_SWIFT_STANDARD_LIBRARIES = YES;
				ASSETCATALOG_COMPILER_APPICON_NAME = AppIcon;
				ASSETCATALOG_COMPILER_GLOBAL_ACCENT_COLOR_NAME = AccentColor;
				CODE_SIGN_STYLE = Automatic;
				CURRENT_PROJECT_VERSION = 1;
				DEVELOPMENT_TEAM = 95W8W38P3C;
				GENERATE_INFOPLIST_FILE = YES;
				INFOPLIST_FILE = github/Info.plist;
				INFOPLIST_KEY_UIApplicationSupportsIndirectInputEvents = YES;
				INFOPLIST_KEY_UILaunchStoryboardName = LaunchScreen;
				INFOPLIST_KEY_UIMainStoryboardFile = Main;
				INFOPLIST_KEY_UISupportedInterfaceOrientations_iPad = "UIInterfaceOrientationPortrait UIInterfaceOrientationPortraitUpsideDown UIInterfaceOrientationLandscapeLeft UIInterfaceOrientationLandscapeRight";
				INFOPLIST_KEY_UISupportedInterfaceOrientations_iPhone = "UIInterfaceOrientationPortrait UIInterfaceOrientationLandscapeLeft UIInterfaceOrientationLandscapeRight";
				LD_RUNPATH_SEARCH_PATHS = (
					"$(inherited)",
					"@executable_path/Frameworks",
				);
				MARKETING_VERSION = 1.0;
				PRODUCT_BUNDLE_IDENTIFIER = benleung.github;
				PRODUCT_NAME = "$(TARGET_NAME)";
				SWIFT_EMIT_LOC_STRINGS = YES;
				SWIFT_VERSION = 5.0;
				TARGETED_DEVICE_FAMILY = "1,2";
			};
			name = Release;
		};
		B5778C752956035D00440DD0 /* Debug */ = {
			isa = XCBuildConfiguration;
			buildSettings = {
				ALWAYS_EMBED_SWIFT_STANDARD_LIBRARIES = YES;
				BUNDLE_LOADER = "$(TEST_HOST)";
				CODE_SIGN_STYLE = Automatic;
				CURRENT_PROJECT_VERSION = 1;
				DEVELOPMENT_TEAM = 95W8W38P3C;
				GENERATE_INFOPLIST_FILE = YES;
				IPHONEOS_DEPLOYMENT_TARGET = 16.2;
				MARKETING_VERSION = 1.0;
				PRODUCT_BUNDLE_IDENTIFIER = benleung.githubTests;
				PRODUCT_NAME = "$(TARGET_NAME)";
				SWIFT_EMIT_LOC_STRINGS = NO;
				SWIFT_VERSION = 5.0;
				TARGETED_DEVICE_FAMILY = "1,2";
				TEST_HOST = "$(BUILT_PRODUCTS_DIR)/github.app/$(BUNDLE_EXECUTABLE_FOLDER_PATH)/github";
			};
			name = Debug;
		};
		B5778C762956035D00440DD0 /* Release */ = {
			isa = XCBuildConfiguration;
			buildSettings = {
				ALWAYS_EMBED_SWIFT_STANDARD_LIBRARIES = YES;
				BUNDLE_LOADER = "$(TEST_HOST)";
				CODE_SIGN_STYLE = Automatic;
				CURRENT_PROJECT_VERSION = 1;
				DEVELOPMENT_TEAM = 95W8W38P3C;
				GENERATE_INFOPLIST_FILE = YES;
				IPHONEOS_DEPLOYMENT_TARGET = 16.2;
				MARKETING_VERSION = 1.0;
				PRODUCT_BUNDLE_IDENTIFIER = benleung.githubTests;
				PRODUCT_NAME = "$(TARGET_NAME)";
				SWIFT_EMIT_LOC_STRINGS = NO;
				SWIFT_VERSION = 5.0;
				TARGETED_DEVICE_FAMILY = "1,2";
				TEST_HOST = "$(BUILT_PRODUCTS_DIR)/github.app/$(BUNDLE_EXECUTABLE_FOLDER_PATH)/github";
			};
			name = Release;
		};
		B5778C882956048A00440DD0 /* Debug */ = {
			isa = XCBuildConfiguration;
			buildSettings = {
				CLANG_ENABLE_MODULES = YES;
				CODE_SIGN_STYLE = Automatic;
				CURRENT_PROJECT_VERSION = 1;
				DEFINES_MODULE = YES;
				DEVELOPMENT_TEAM = 95W8W38P3C;
				DYLIB_COMPATIBILITY_VERSION = 1;
				DYLIB_CURRENT_VERSION = 1;
				DYLIB_INSTALL_NAME_BASE = "@rpath";
				GENERATE_INFOPLIST_FILE = YES;
				INFOPLIST_KEY_NSHumanReadableCopyright = "";
				INSTALL_PATH = "$(LOCAL_LIBRARY_DIR)/Frameworks";
				LD_RUNPATH_SEARCH_PATHS = (
					"$(inherited)",
					"@executable_path/Frameworks",
					"@loader_path/Frameworks",
				);
				MARKETING_VERSION = 1.0;
				PRODUCT_BUNDLE_IDENTIFIER = benleung.Core;
				PRODUCT_NAME = "$(TARGET_NAME:c99extidentifier)";
				SKIP_INSTALL = YES;
				SWIFT_EMIT_LOC_STRINGS = YES;
				SWIFT_OPTIMIZATION_LEVEL = "-Onone";
				SWIFT_VERSION = 5.0;
				TARGETED_DEVICE_FAMILY = "1,2";
				VERSIONING_SYSTEM = "apple-generic";
				VERSION_INFO_PREFIX = "";
			};
			name = Debug;
		};
		B5778C892956048A00440DD0 /* Release */ = {
			isa = XCBuildConfiguration;
			buildSettings = {
				CLANG_ENABLE_MODULES = YES;
				CODE_SIGN_STYLE = Automatic;
				CURRENT_PROJECT_VERSION = 1;
				DEFINES_MODULE = YES;
				DEVELOPMENT_TEAM = 95W8W38P3C;
				DYLIB_COMPATIBILITY_VERSION = 1;
				DYLIB_CURRENT_VERSION = 1;
				DYLIB_INSTALL_NAME_BASE = "@rpath";
				GENERATE_INFOPLIST_FILE = YES;
				INFOPLIST_KEY_NSHumanReadableCopyright = "";
				INSTALL_PATH = "$(LOCAL_LIBRARY_DIR)/Frameworks";
				LD_RUNPATH_SEARCH_PATHS = (
					"$(inherited)",
					"@executable_path/Frameworks",
					"@loader_path/Frameworks",
				);
				MARKETING_VERSION = 1.0;
				PRODUCT_BUNDLE_IDENTIFIER = benleung.Core;
				PRODUCT_NAME = "$(TARGET_NAME:c99extidentifier)";
				SKIP_INSTALL = YES;
				SWIFT_EMIT_LOC_STRINGS = YES;
				SWIFT_VERSION = 5.0;
				TARGETED_DEVICE_FAMILY = "1,2";
				VERSIONING_SYSTEM = "apple-generic";
				VERSION_INFO_PREFIX = "";
			};
			name = Release;
		};
/* End XCBuildConfiguration section */

/* Begin XCConfigurationList section */
		B5778C422956035900440DD0 /* Build configuration list for PBXProject "github" */ = {
			isa = XCConfigurationList;
			buildConfigurations = (
				B5778C6F2956035D00440DD0 /* Debug */,
				B5778C702956035D00440DD0 /* Release */,
			);
			defaultConfigurationIsVisible = 0;
			defaultConfigurationName = Release;
		};
		B5778C712956035D00440DD0 /* Build configuration list for PBXNativeTarget "github" */ = {
			isa = XCConfigurationList;
			buildConfigurations = (
				B5778C722956035D00440DD0 /* Debug */,
				B5778C732956035D00440DD0 /* Release */,
			);
			defaultConfigurationIsVisible = 0;
			defaultConfigurationName = Release;
		};
		B5778C742956035D00440DD0 /* Build configuration list for PBXNativeTarget "githubTests" */ = {
			isa = XCConfigurationList;
			buildConfigurations = (
				B5778C752956035D00440DD0 /* Debug */,
				B5778C762956035D00440DD0 /* Release */,
			);
			defaultConfigurationIsVisible = 0;
			defaultConfigurationName = Release;
		};
		B5778C872956048A00440DD0 /* Build configuration list for PBXNativeTarget "Core" */ = {
			isa = XCConfigurationList;
			buildConfigurations = (
				B5778C882956048A00440DD0 /* Debug */,
				B5778C892956048A00440DD0 /* Release */,
			);
			defaultConfigurationIsVisible = 0;
			defaultConfigurationName = Release;
		};
/* End XCConfigurationList section */
	};
	rootObject = B5778C3F2956035900440DD0 /* Project object */;
}
